{
    "_readme": [
        "This file locks the dependencies of your project to a known state",
        "Read more about it at https://getcomposer.org/doc/01-basic-usage.md#installing-dependencies",
        "This file is @generated automatically"
    ],
    "content-hash": "55d2514d4a73f14c3f29ebe8d2abcb69",
    "packages": [
        {
            "name": "mlocati/nexi",
            "version": "dev-main",
            "source": {
                "type": "git",
                "url": "https://github.com/mlocati/nexi.git",
                "reference": "3ba716f50fa1c908a2cf17bcbc1f1b2601672083"
            },
            "dist": {
                "type": "zip",
                "url": "https://api.github.com/repos/mlocati/nexi/zipball/3ba716f50fa1c908a2cf17bcbc1f1b2601672083",
                "reference": "3ba716f50fa1c908a2cf17bcbc1f1b2601672083",
                "shasum": ""
            },
            "require": {
                "ext-json": "*",
                "php": ">= 7.2"
            },
            "require-dev": {
                "phpunit/phpunit": "^8.5"
            },
            "suggest": {
                "ext-curl": "To use cURL for HTTP requests",
                "ext-openssl": "To use the stream wrapper for HTTP requests"
            },
            "default-branch": true,
            "type": "library",
            "autoload": {
                "psr-4": {
                    "MLocati\\Nexi\\": "src/"
                }
            },
            "notification-url": "https://packagist.org/downloads/",
            "license": [
                "MIT"
            ],
            "authors": [
                {
                    "name": "Michele Locati",
                    "email": "michele@locati.it"
                }
            ],
            "description": "An unofficial SDK for the Nexi payment gateway",
            "keywords": [
                "nexi",
                "x-pay",
                "xpay"
            ],
            "support": {
                "issues": "https://github.com/mlocati/nexi/issues",
                "source": "https://github.com/mlocati/nexi/tree/main"
            },
            "time": "2024-04-04T20:15:42+00:00"
        }
    ],
    "packages-dev": [],
    "aliases": [],
    "minimum-stability": "stable",
    "stability-flags": {
        "mlocati/nexi": 20
    },
    "prefer-stable": false,
    "prefer-lowest": false,
    "platform": {
        "php": ">= 7.2"
    },
    "platform-dev": [],
    "plugin-api-version": "2.6.0"
}
